# This file is automatically @generated by Cargo.
# It is not intended for manual editing.
version = 4

[[package]]
name = "axiom-kernel"
version = "0.1.0"

[[package]]
name = "axiom-math"
version = "0.1.0"
dependencies = [
 "axiom-kernel",
 "axiom-runtime",
]

[[package]]
name = "axiom-runtime"
version = "0.1.0"
dependencies = [
 "axiom-kernel",
]

[[package]]
name = "dynamic-component-bench"
version = "0.0.0"
dependencies = [
 "axiom-kernel",
 "axiom-math",
]
