{
  "name": "@axiom/casino-games-app",
  "lockfileVersion": 3,
  "requires": true,
  "packages": {
    "": {
      "name": "@axiom/casino-games-app",
      "dependencies": {
        "@axiom/web-engine": "file:../../../packages/axiom-web-engine"
      }
    },
    "../../../packages/axiom-web-engine": {
      "name": "@axiom/web-engine",
      "version": "0.1.0",
      "license": "MIT OR Apache-2.0",
      "devDependencies": {
        "@types/node": "^24.0.0",
        "@typescript/native-preview": "7.0.0-dev.20260620.1",
        "oxlint": "1.70.0",
        "oxlint-plugin-eslint": "1.70.0",
        "oxlint-tsgolint": "0.23.0"
      }
    },
    "node_modules/@axiom/web-engine": {
      "resolved": "../../../packages/axiom-web-engine",
      "link": true
    }
  }
}
